
Microsoft Visual Studio Solution File, Format Version 12.00
# Visual Studio Version 17
VisualStudioVersion = 17.0.31903.59
MinimumVisualStudioVersion = 10.0.40219.1
Project("{9A19103F-16F7-4668-BE54-9A1E7A4F7556}") = "DestifyMovie.API", "DestifyMovie.API\DestifyMovie.API.csproj", "{B968DC2F-3396-4015-92BA-C849CD2349C4}"
EndProject
Project("{9A19103F-16F7-4668-BE54-9A1E7A4F7556}") = "DestifyMovie.Data", "DestifyMovie.Data\DestifyMovie.Data.csproj", "{D90D11B1-A9DD-4992-8E64-7D5A38A30967}"
EndProject
Project("{9A19103F-16F7-4668-BE54-9A1E7A4F7556}") = "DestifyMovie.Repositories", "DestifyMovie.Repositories\DestifyMovie.Repositories.csproj", "{4F48D450-68E8-4B94-8B23-6B6750D22006}"
EndProject
Project("{9A19103F-16F7-4668-BE54-9A1E7A4F7556}") = "DestifyMovie.Services", "DestifyMovie.Services\DestifyMovie.Services.csproj", "{0F7C0F9F-3825-4355-9019-19E5BFD96100}"
EndProject
Project("{9A19103F-16F7-4668-BE54-9A1E7A4F7556}") = "DestifyMovie.Tests", "DestifyMovie.Tests\DestifyMovie.Tests.csproj", "{996D7B62-DC8E-4820-8EBB-DA7D92545308}"
EndProject
Global
	GlobalSection(SolutionConfigurationPlatforms) = preSolution
		Debug|Any CPU = Debug|Any CPU
		Release|Any CPU = Release|Any CPU
	EndGlobalSection
	GlobalSection(ProjectConfigurationPlatforms) = postSolution
		{B968DC2F-3396-4015-92BA-C849CD2349C4}.Debug|Any CPU.ActiveCfg = Debug|Any CPU
		{B968DC2F-3396-4015-92BA-C849CD2349C4}.Debug|Any CPU.Build.0 = Debug|Any CPU
		{B968DC2F-3396-4015-92BA-C849CD2349C4}.Release|Any CPU.ActiveCfg = Release|Any CPU
		{B968DC2F-3396-4015-92BA-C849CD2349C4}.Release|Any CPU.Build.0 = Release|Any CPU
		{D90D11B1-A9DD-4992-8E64-7D5A38A30967}.Debug|Any CPU.ActiveCfg = Debug|Any CPU
		{D90D11B1-A9DD-4992-8E64-7D5A38A30967}.Debug|Any CPU.Build.0 = Debug|Any CPU
		{D90D11B1-A9DD-4992-8E64-7D5A38A30967}.Release|Any CPU.ActiveCfg = Release|Any CPU
		{D90D11B1-A9DD-4992-8E64-7D5A38A30967}.Release|Any CPU.Build.0 = Release|Any CPU
		{4F48D450-68E8-4B94-8B23-6B6750D22006}.Debug|Any CPU.ActiveCfg = Debug|Any CPU
		{4F48D450-68E8-4B94-8B23-6B6750D22006}.Debug|Any CPU.Build.0 = Debug|Any CPU
		{4F48D450-68E8-4B94-8B23-6B6750D22006}.Release|Any CPU.ActiveCfg = Release|Any CPU
		{4F48D450-68E8-4B94-8B23-6B6750D22006}.Release|Any CPU.Build.0 = Release|Any CPU
		{0F7C0F9F-3825-4355-9019-19E5BFD96100}.Debug|Any CPU.ActiveCfg = Debug|Any CPU
		{0F7C0F9F-3825-4355-9019-19E5BFD96100}.Debug|Any CPU.Build.0 = Debug|Any CPU
		{0F7C0F9F-3825-4355-9019-19E5BFD96100}.Release|Any CPU.ActiveCfg = Release|Any CPU
		{0F7C0F9F-3825-4355-9019-19E5BFD96100}.Release|Any CPU.Build.0 = Release|Any CPU
		{996D7B62-DC8E-4820-8EBB-DA7D92545308}.Debug|Any CPU.ActiveCfg = Debug|Any CPU
		{996D7B62-DC8E-4820-8EBB-DA7D92545308}.Debug|Any CPU.Build.0 = Debug|Any CPU
		{996D7B62-DC8E-4820-8EBB-DA7D92545308}.Release|Any CPU.ActiveCfg = Release|Any CPU
		{996D7B62-DC8E-4820-8EBB-DA7D92545308}.Release|Any CPU.Build.0 = Release|Any CPU
	EndGlobalSection
	GlobalSection(SolutionProperties) = preSolution
		HideSolutionNode = FALSE
	EndGlobalSection
EndGlobal
